// !$*UTF8*$!
{
	archiveVersion = 1;
	classes = {
	};
	objectVersion = 50;
	objects = {

/* Begin PBXBuildFile section */
		1759D23FC42FD32D068B001E /* Pods_ParseChat.framework in Frameworks */ = {isa = PBXBuildFile; fileRef = 90348CD38F434EE63E814A0A /* Pods_ParseChat.framework */; };
		24FA648F05F4C177A0EAD06B /* Pods_ParseChatTests.framework in Frameworks */ = {isa = PBXBuildFile; fileRef = 7C11DF164078EBA901656941 /* Pods_ParseChatTests.framework */; };
		492EEA3A7152811E4F6CB55D /* Pods_ParseChatUITests.framework in Frameworks */ = {isa = PBXBuildFile; fileRef = 9861F7047D281E881BE48B4E /* Pods_ParseChatUITests.framework */; };
		B819BDEB2266A6E7009B02C2 /* ProfileViewController.swift in Sources */ = {isa = PBXBuildFile; fileRef = B819BDEA2266A6E7009B02C2 /* ProfileViewController.swift */; };
		B81A879E22655415003EDDB3 /* MapViewController.swift in Sources */ = {isa = PBXBuildFile; fileRef = B81A879D22655415003EDDB3 /* MapViewController.swift */; };
		B83597AD2267CE28009346BB /* MessageViewController.swift in Sources */ = {isa = PBXBuildFile; fileRef = B83597AC2267CE28009346BB /* MessageViewController.swift */; };
		B83597AF2267D667009346BB /* InfoViewController.swift in Sources */ = {isa = PBXBuildFile; fileRef = B83597AE2267D667009346BB /* InfoViewController.swift */; };
		B83597B12267F5DB009346BB /* MessageCell.swift in Sources */ = {isa = PBXBuildFile; fileRef = B83597B02267F5DB009346BB /* MessageCell.swift */; };
		B89888C62249990100D52FD1 /* AppDelegate.swift in Sources */ = {isa = PBXBuildFile; fileRef = B89888C52249990100D52FD1 /* AppDelegate.swift */; };
		B89888CB2249990100D52FD1 /* Main.storyboard in Resources */ = {isa = PBXBuildFile; fileRef = B89888C92249990100D52FD1 /* Main.storyboard */; };
		B89888CD2249990200D52FD1 /* Assets.xcassets in Resources */ = {isa = PBXBuildFile; fileRef = B89888CC2249990200D52FD1 /* Assets.xcassets */; };
		B89888D02249990200D52FD1 /* LaunchScreen.storyboard in Resources */ = {isa = PBXBuildFile; fileRef = B89888CE2249990200D52FD1 /* LaunchScreen.storyboard */; };
		B89888DB2249990200D52FD1 /* ParseChatTests.swift in Sources */ = {isa = PBXBuildFile; fileRef = B89888DA2249990200D52FD1 /* ParseChatTests.swift */; };
		B89888E62249990200D52FD1 /* ParseChatUITests.swift in Sources */ = {isa = PBXBuildFile; fileRef = B89888E52249990200D52FD1 /* ParseChatUITests.swift */; };
		B89888F422499B3F00D52FD1 /* LoginViewController.swift in Sources */ = {isa = PBXBuildFile; fileRef = B89888F322499B3F00D52FD1 /* LoginViewController.swift */; };
		B89888F622499B4F00D52FD1 /* ChatViewController.swift in Sources */ = {isa = PBXBuildFile; fileRef = B89888F522499B4F00D52FD1 /* ChatViewController.swift */; };
		B89B3CDF2286AC7C008E13AE /* SetupViewController.swift in Sources */ = {isa = PBXBuildFile; fileRef = B89B3CDE2286AC7C008E13AE /* SetupViewController.swift */; };
		B8A21065225C1D9C00FC3006 /* FriendViewController.swift in Sources */ = {isa = PBXBuildFile; fileRef = B8A21064225C1D9C00FC3006 /* FriendViewController.swift */; };
		B8EDD73C2262354600775E8F /* FriendCell.swift in Sources */ = {isa = PBXBuildFile; fileRef = B8EDD73B2262354600775E8F /* FriendCell.swift */; };
		B8EDD7402262356200775E8F /* ChatCell.swift in Sources */ = {isa = PBXBuildFile; fileRef = B8EDD73F2262356200775E8F /* ChatCell.swift */; };
		B8F417FA22722C08004318F6 /* SignUpViewController.swift in Sources */ = {isa = PBXBuildFile; fileRef = B8F417F922722C08004318F6 /* SignUpViewController.swift */; };
/* End PBXBuildFile section */

/* Begin PBXContainerItemProxy section */
		B89888D72249990200D52FD1 /* PBXContainerItemProxy */ = {
			isa = PBXContainerItemProxy;
			containerPortal = B89888BA2249990100D52FD1 /* Project object */;
			proxyType = 1;
			remoteGlobalIDString = B89888C12249990100D52FD1;
			remoteInfo = ParseChat;
		};
		B89888E22249990200D52FD1 /* PBXContainerItemProxy */ = {
			isa = PBXContainerItemProxy;
			containerPortal = B89888BA2249990100D52FD1 /* Project object */;
			proxyType = 1;
			remoteGlobalIDString = B89888C12249990100D52FD1;
			remoteInfo = ParseChat;
		};
/* End PBXContainerItemProxy section */

/* Begin PBXFileReference section */
		05212300D4B867DF5F033DF7 /* Pods-ParseChat.debug.xcconfig */ = {isa = PBXFileReference; includeInIndex = 1; lastKnownFileType = text.xcconfig; name = "Pods-ParseChat.debug.xcconfig"; path = "Target Support Files/Pods-ParseChat/Pods-ParseChat.debug.xcconfig"; sourceTree = "<group>"; };
		2C94A2CC41DFF83A9DB47270 /* Pods-ParseChatTests.debug.xcconfig */ = {isa = PBXFileReference; includeInIndex = 1; lastKnownFileType = text.xcconfig; name = "Pods-ParseChatTests.debug.xcconfig"; path = "Target Support Files/Pods-ParseChatTests/Pods-ParseChatTests.debug.xcconfig"; sourceTree = "<group>"; };
		66C8D2F6DABA100246C06A2A /* Pods-ParseChatTests.release.xcconfig */ = {isa = PBXFileReference; includeInIndex = 1; lastKnownFileType = text.xcconfig; name = "Pods-ParseChatTests.release.xcconfig"; path = "Target Support Files/Pods-ParseChatTests/Pods-ParseChatTests.release.xcconfig"; sourceTree = "<group>"; };
		7C11DF164078EBA901656941 /* Pods_ParseChatTests.framework */ = {isa = PBXFileReference; explicitFileType = wrapper.framework; includeInIndex = 0; path = Pods_ParseChatTests.framework; sourceTree = BUILT_PRODUCTS_DIR; };
		90348CD38F434EE63E814A0A /* Pods_ParseChat.framework */ = {isa = PBXFileReference; explicitFileType = wrapper.framework; includeInIndex = 0; path = Pods_ParseChat.framework; sourceTree = BUILT_PRODUCTS_DIR; };
		9861F7047D281E881BE48B4E /* Pods_ParseChatUITests.framework */ = {isa = PBXFileReference; explicitFileType = wrapper.framework; includeInIndex = 0; path = Pods_ParseChatUITests.framework; sourceTree = BUILT_PRODUCTS_DIR; };
		993B5A5F67E57CCB0C255E73 /* Pods-ParseChatUITests.release.xcconfig */ = {isa = PBXFileReference; includeInIndex = 1; lastKnownFileType = text.xcconfig; name = "Pods-ParseChatUITests.release.xcconfig"; path = "Target Support Files/Pods-ParseChatUITests/Pods-ParseChatUITests.release.xcconfig"; sourceTree = "<group>"; };
		B819BDEA2266A6E7009B02C2 /* ProfileViewController.swift */ = {isa = PBXFileReference; lastKnownFileType = sourcecode.swift; path = ProfileViewController.swift; sourceTree = "<group>"; };
		B81A879D22655415003EDDB3 /* MapViewController.swift */ = {isa = PBXFileReference; lastKnownFileType = sourcecode.swift; path = MapViewController.swift; sourceTree = "<group>"; };
		B83597AC2267CE28009346BB /* MessageViewController.swift */ = {isa = PBXFileReference; lastKnownFileType = sourcecode.swift; path = MessageViewController.swift; sourceTree = "<group>"; };
		B83597AE2267D667009346BB /* InfoViewController.swift */ = {isa = PBXFileReference; lastKnownFileType = sourcecode.swift; path = InfoViewController.swift; sourceTree = "<group>"; };
		B83597B02267F5DB009346BB /* MessageCell.swift */ = {isa = PBXFileReference; lastKnownFileType = sourcecode.swift; path = MessageCell.swift; sourceTree = "<group>"; };
		B89888C22249990100D52FD1 /* ParseChat.app */ = {isa = PBXFileReference; explicitFileType = wrapper.application; includeInIndex = 0; path = ParseChat.app; sourceTree = BUILT_PRODUCTS_DIR; };
		B89888C52249990100D52FD1 /* AppDelegate.swift */ = {isa = PBXFileReference; lastKnownFileType = sourcecode.swift; path = AppDelegate.swift; sourceTree = "<group>"; };
		B89888CA2249990100D52FD1 /* Base */ = {isa = PBXFileReference; lastKnownFileType = file.storyboard; name = Base; path = Base.lproj/Main.storyboard; sourceTree = "<group>"; };
		B89888CC2249990200D52FD1 /* Assets.xcassets */ = {isa = PBXFileReference; lastKnownFileType = folder.assetcatalog; path = Assets.xcassets; sourceTree = "<group>"; };
		B89888CF2249990200D52FD1 /* Base */ = {isa = PBXFileReference; lastKnownFileType = file.storyboard; name = Base; path = Base.lproj/LaunchScreen.storyboard; sourceTree = "<group>"; };
		B89888D12249990200D52FD1 /* Info.plist */ = {isa = PBXFileReference; lastKnownFileType = text.plist.xml; path = Info.plist; sourceTree = "<group>"; };
		B89888D62249990200D52FD1 /* ParseChatTests.xctest */ = {isa = PBXFileReference; explicitFileType = wrapper.cfbundle; includeInIndex = 0; path = ParseChatTests.xctest; sourceTree = BUILT_PRODUCTS_DIR; };
		B89888DA2249990200D52FD1 /* ParseChatTests.swift */ = {isa = PBXFileReference; lastKnownFileType = sourcecode.swift; path = ParseChatTests.swift; sourceTree = "<group>"; };
		B89888DC2249990200D52FD1 /* Info.plist */ = {isa = PBXFileReference; lastKnownFileType = text.plist.xml; path = Info.plist; sourceTree = "<group>"; };
		B89888E12249990200D52FD1 /* ParseChatUITests.xctest */ = {isa = PBXFileReference; explicitFileType = wrapper.cfbundle; includeInIndex = 0; path = ParseChatUITests.xctest; sourceTree = BUILT_PRODUCTS_DIR; };
		B89888E52249990200D52FD1 /* ParseChatUITests.swift */ = {isa = PBXFileReference; lastKnownFileType = sourcecode.swift; path = ParseChatUITests.swift; sourceTree = "<group>"; };
		B89888E72249990200D52FD1 /* Info.plist */ = {isa = PBXFileReference; lastKnownFileType = text.plist.xml; path = Info.plist; sourceTree = "<group>"; };
		B89888F322499B3F00D52FD1 /* LoginViewController.swift */ = {isa = PBXFileReference; lastKnownFileType = sourcecode.swift; path = LoginViewController.swift; sourceTree = "<group>"; };
		B89888F522499B4F00D52FD1 /* ChatViewController.swift */ = {isa = PBXFileReference; lastKnownFileType = sourcecode.swift; path = ChatViewController.swift; sourceTree = "<group>"; };
		B89B3CDE2286AC7C008E13AE /* SetupViewController.swift */ = {isa = PBXFileReference; lastKnownFileType = sourcecode.swift; path = SetupViewController.swift; sourceTree = "<group>"; };
		B8A21064225C1D9C00FC3006 /* FriendViewController.swift */ = {isa = PBXFileReference; lastKnownFileType = sourcecode.swift; path = FriendViewController.swift; sourceTree = "<group>"; };
		B8EDD73B2262354600775E8F /* FriendCell.swift */ = {isa = PBXFileReference; lastKnownFileType = sourcecode.swift; path = FriendCell.swift; sourceTree = "<group>"; };
		B8EDD73F2262356200775E8F /* ChatCell.swift */ = {isa = PBXFileReference; lastKnownFileType = sourcecode.swift; path = ChatCell.swift; sourceTree = "<group>"; };
		B8F417F922722C08004318F6 /* SignUpViewController.swift */ = {isa = PBXFileReference; lastKnownFileType = sourcecode.swift; path = SignUpViewController.swift; sourceTree = "<group>"; };
		E37D87D1333B30D606553279 /* Pods-ParseChatUITests.debug.xcconfig */ = {isa = PBXFileReference; includeInIndex = 1; lastKnownFileType = text.xcconfig; name = "Pods-ParseChatUITests.debug.xcconfig"; path = "Target Support Files/Pods-ParseChatUITests/Pods-ParseChatUITests.debug.xcconfig"; sourceTree = "<group>"; };
		ECB216745C820A25DDBEB967 /* Pods-ParseChat.release.xcconfig */ = {isa = PBXFileReference; includeInIndex = 1; lastKnownFileType = text.xcconfig; name = "Pods-ParseChat.release.xcconfig"; path = "Target Support Files/Pods-ParseChat/Pods-ParseChat.release.xcconfig"; sourceTree = "<group>"; };
/* End PBXFileReference section */

/* Begin PBXFrameworksBuildPhase section */
		B89888BF2249990100D52FD1 /* Frameworks */ = {
			isa = PBXFrameworksBuildPhase;
			buildActionMask = 2147483647;
			files = (
				1759D23FC42FD32D068B001E /* Pods_ParseChat.framework in Frameworks */,
			);
			runOnlyForDeploymentPostprocessing = 0;
		};
		B89888D32249990200D52FD1 /* Frameworks */ = {
			isa = PBXFrameworksBuildPhase;
			buildActionMask = 2147483647;
			files = (
				24FA648F05F4C177A0EAD06B /* Pods_ParseChatTests.framework in Frameworks */,
			);
			runOnlyForDeploymentPostprocessing = 0;
		};
		B89888DE2249990200D52FD1 /* Frameworks */ = {
			isa = PBXFrameworksBuildPhase;
			buildActionMask = 2147483647;
			files = (
				492EEA3A7152811E4F6CB55D /* Pods_ParseChatUITests.framework in Frameworks */,
			);
			runOnlyForDeploymentPostprocessing = 0;
		};
/* End PBXFrameworksBuildPhase section */

/* Begin PBXGroup section */
		AD321AC648302CE3E13BEC55 /* Frameworks */ = {
			isa = PBXGroup;
			children = (
				90348CD38F434EE63E814A0A /* Pods_ParseChat.framework */,
				7C11DF164078EBA901656941 /* Pods_ParseChatTests.framework */,
				9861F7047D281E881BE48B4E /* Pods_ParseChatUITests.framework */,
			);
			name = Frameworks;
			sourceTree = "<group>";
		};
		B89888B92249990100D52FD1 = {
			isa = PBXGroup;
			children = (
				B89888C42249990100D52FD1 /* ParseChat */,
				B89888D92249990200D52FD1 /* ParseChatTests */,
				B89888E42249990200D52FD1 /* ParseChatUITests */,
				B89888C32249990100D52FD1 /* Products */,
				FB4256E901047AA4731B57B2 /* Pods */,
				AD321AC648302CE3E13BEC55 /* Frameworks */,
			);
			sourceTree = "<group>";
		};
		B89888C32249990100D52FD1 /* Products */ = {
			isa = PBXGroup;
			children = (
				B89888C22249990100D52FD1 /* ParseChat.app */,
				B89888D62249990200D52FD1 /* ParseChatTests.xctest */,
				B89888E12249990200D52FD1 /* ParseChatUITests.xctest */,
			);
			name = Products;
			sourceTree = "<group>";
		};
		B89888C42249990100D52FD1 /* ParseChat */ = {
			isa = PBXGroup;
			children = (
				B89888C52249990100D52FD1 /* AppDelegate.swift */,
				B89888C92249990100D52FD1 /* Main.storyboard */,
				B89888CC2249990200D52FD1 /* Assets.xcassets */,
				B89888CE2249990200D52FD1 /* LaunchScreen.storyboard */,
				B89888D12249990200D52FD1 /* Info.plist */,
				B89888F322499B3F00D52FD1 /* LoginViewController.swift */,
				B89888F522499B4F00D52FD1 /* ChatViewController.swift */,
				B8A21064225C1D9C00FC3006 /* FriendViewController.swift */,
				B8EDD73B2262354600775E8F /* FriendCell.swift */,
				B8EDD73F2262356200775E8F /* ChatCell.swift */,
				B81A879D22655415003EDDB3 /* MapViewController.swift */,
				B819BDEA2266A6E7009B02C2 /* ProfileViewController.swift */,
				B83597AC2267CE28009346BB /* MessageViewController.swift */,
				B83597AE2267D667009346BB /* InfoViewController.swift */,
				B83597B02267F5DB009346BB /* MessageCell.swift */,
				B8F417F922722C08004318F6 /* SignUpViewController.swift */,
				B89B3CDE2286AC7C008E13AE /* SetupViewController.swift */,
			);
			path = ParseChat;
			sourceTree = "<group>";
		};
		B89888D92249990200D52FD1 /* ParseChatTests */ = {
			isa = PBXGroup;
			children = (
				B89888DA2249990200D52FD1 /* ParseChatTests.swift */,
				B89888DC2249990200D52FD1 /* Info.plist */,
			);
			path = ParseChatTests;
			sourceTree = "<group>";
		};
		B89888E42249990200D52FD1 /* ParseChatUITests */ = {
			isa = PBXGroup;
			children = (
				B89888E52249990200D52FD1 /* ParseChatUITests.swift */,
				B89888E72249990200D52FD1 /* Info.plist */,
			);
			path = ParseChatUITests;
			sourceTree = "<group>";
		};
		FB4256E901047AA4731B57B2 /* Pods */ = {
			isa = PBXGroup;
			children = (
				05212300D4B867DF5F033DF7 /* Pods-ParseChat.debug.xcconfig */,
				ECB216745C820A25DDBEB967 /* Pods-ParseChat.release.xcconfig */,
				2C94A2CC41DFF83A9DB47270 /* Pods-ParseChatTests.debug.xcconfig */,
				66C8D2F6DABA100246C06A2A /* Pods-ParseChatTests.release.xcconfig */,
				E37D87D1333B30D606553279 /* Pods-ParseChatUITests.debug.xcconfig */,
				993B5A5F67E57CCB0C255E73 /* Pods-ParseChatUITests.release.xcconfig */,
			);
			path = Pods;
			sourceTree = "<group>";
		};
/* End PBXGroup section */

/* Begin PBXNativeTarget section */
		B89888C12249990100D52FD1 /* ParseChat */ = {
			isa = PBXNativeTarget;
			buildConfigurationList = B89888EA2249990200D52FD1 /* Build configuration list for PBXNativeTarget "ParseChat" */;
			buildPhases = (
				79E41E5CEE4D586B2B423601 /* [CP] Check Pods Manifest.lock */,
				B89888BE2249990100D52FD1 /* Sources */,
				B89888BF2249990100D52FD1 /* Frameworks */,
				B89888C02249990100D52FD1 /* Resources */,
				8FA81D5CB17043F1550BA984 /* [CP] Embed Pods Frameworks */,
			);
			buildRules = (
			);
			dependencies = (
			);
			name = ParseChat;
			productName = ParseChat;
			productReference = B89888C22249990100D52FD1 /* ParseChat.app */;
			productType = "com.apple.product-type.application";
		};
		B89888D52249990200D52FD1 /* ParseChatTests */ = {
			isa = PBXNativeTarget;
			buildConfigurationList = B89888ED2249990200D52FD1 /* Build configuration list for PBXNativeTarget "ParseChatTests" */;
			buildPhases = (
				9E5A3E504942A7578B7473DF /* [CP] Check Pods Manifest.lock */,
				B89888D22249990200D52FD1 /* Sources */,
				B89888D32249990200D52FD1 /* Frameworks */,
				B89888D42249990200D52FD1 /* Resources */,
			);
			buildRules = (
			);
			dependencies = (
				B89888D82249990200D52FD1 /* PBXTargetDependency */,
			);
			name = ParseChatTests;
			productName = ParseChatTests;
			productReference = B89888D62249990200D52FD1 /* ParseChatTests.xctest */;
			productType = "com.apple.product-type.bundle.unit-test";
		};
		B89888E02249990200D52FD1 /* ParseChatUITests */ = {
			isa = PBXNativeTarget;
			buildConfigurationList = B89888F02249990200D52FD1 /* Build configuration list for PBXNativeTarget "ParseChatUITests" */;
			buildPhases = (
				3F1463DC710E2C563C77A61F /* [CP] Check Pods Manifest.lock */,
				B89888DD2249990200D52FD1 /* Sources */,
				B89888DE2249990200D52FD1 /* Frameworks */,
				B89888DF2249990200D52FD1 /* Resources */,
			);
			buildRules = (
			);
			dependencies = (
				B89888E32249990200D52FD1 /* PBXTargetDependency */,
			);
			name = ParseChatUITests;
			productName = ParseChatUITests;
			productReference = B89888E12249990200D52FD1 /* ParseChatUITests.xctest */;
			productType = "com.apple.product-type.bundle.ui-testing";
		};
/* End PBXNativeTarget section */

/* Begin PBXProject section */
		B89888BA2249990100D52FD1 /* Project object */ = {
			isa = PBXProject;
			attributes = {
				LastSwiftUpdateCheck = 1010;
				LastUpgradeCheck = 1010;
				ORGANIZATIONNAME = "Wade Li";
				TargetAttributes = {
					B89888C12249990100D52FD1 = {
						CreatedOnToolsVersion = 10.1;
					};
					B89888D52249990200D52FD1 = {
						CreatedOnToolsVersion = 10.1;
						TestTargetID = B89888C12249990100D52FD1;
					};
					B89888E02249990200D52FD1 = {
						CreatedOnToolsVersion = 10.1;
						TestTargetID = B89888C12249990100D52FD1;
					};
				};
			};
			buildConfigurationList = B89888BD2249990100D52FD1 /* Build configuration list for PBXProject "ParseChat" */;
			compatibilityVersion = "Xcode 9.3";
			developmentRegion = en;
			hasScannedForEncodings = 0;
			knownRegions = (
				en,
				Base,
			);
			mainGroup = B89888B92249990100D52FD1;
			productRefGroup = B89888C32249990100D52FD1 /* Products */;
			projectDirPath = "";
			projectRoot = "";
			targets = (
				B89888C12249990100D52FD1 /* ParseChat */,
				B89888D52249990200D52FD1 /* ParseChatTests */,
				B89888E02249990200D52FD1 /* ParseChatUITests */,
			);
		};
/* End PBXProject section */

/* Begin PBXResourcesBuildPhase section */
		B89888C02249990100D52FD1 /* Resources */ = {
			isa = PBXResourcesBuildPhase;
			buildActionMask = 2147483647;
			files = (
				B89888D02249990200D52FD1 /* LaunchScreen.storyboard in Resources */,
				B89888CD2249990200D52FD1 /* Assets.xcassets in Resources */,
				B89888CB2249990100D52FD1 /* Main.storyboard in Resources */,
			);
			runOnlyForDeploymentPostprocessing = 0;
		};
		B89888D42249990200D52FD1 /* Resources */ = {
			isa = PBXResourcesBuildPhase;
			buildActionMask = 2147483647;
			files = (
			);
			runOnlyForDeploymentPostprocessing = 0;
		};
		B89888DF2249990200D52FD1 /* Resources */ = {
			isa = PBXResourcesBuildPhase;
			buildActionMask = 2147483647;
			files = (
			);
			runOnlyForDeploymentPostprocessing = 0;
		};
/* End PBXResourcesBuildPhase section */

/* Begin PBXShellScriptBuildPhase section */
		3F1463DC710E2C563C77A61F /* [CP] Check Pods Manifest.lock */ = {
			isa = PBXShellScriptBuildPhase;
			buildActionMask = 2147483647;
			files = (
			);
			inputFileListPaths = (
			);
			inputPaths = (
				"${PODS_PODFILE_DIR_PATH}/Podfile.lock",
				"${PODS_ROOT}/Manifest.lock",
			);
			name = "[CP] Check Pods Manifest.lock";
			outputFileListPaths = (
			);
			outputPaths = (
				"$(DERIVED_FILE_DIR)/Pods-ParseChatUITests-checkManifestLockResult.txt",
			);
			runOnlyForDeploymentPostprocessing = 0;
			shellPath = /bin/sh;
			shellScript = "diff \"${PODS_PODFILE_DIR_PATH}/Podfile.lock\" \"${PODS_ROOT}/Manifest.lock\" > /dev/null\nif [ $? != 0 ] ; then\n    # print error to STDERR\n    echo \"error: The sandbox is not in sync with the Podfile.lock. Run 'pod install' or update your CocoaPods installation.\" >&2\n    exit 1\nfi\n# This output is used by Xcode 'outputs' to avoid re-running this script phase.\necho \"SUCCESS\" > \"${SCRIPT_OUTPUT_FILE_0}\"\n";
			showEnvVarsInLog = 0;
		};
		79E41E5CEE4D586B2B423601 /* [CP] Check Pods Manifest.lock */ = {
			isa = PBXShellScriptBuildPhase;
			buildActionMask = 2147483647;
			files = (
			);
			inputFileListPaths = (
			);
			inputPaths = (
				"${PODS_PODFILE_DIR_PATH}/Podfile.lock",
				"${PODS_ROOT}/Manifest.lock",
			);
			name = "[CP] Check Pods Manifest.lock";
			outputFileListPaths = (
			);
			outputPaths = (
				"$(DERIVED_FILE_DIR)/Pods-ParseChat-checkManifestLockResult.txt",
			);
			runOnlyForDeploymentPostprocessing = 0;
			shellPath = /bin/sh;
			shellScript = "diff \"${PODS_PODFILE_DIR_PATH}/Podfile.lock\" \"${PODS_ROOT}/Manifest.lock\" > /dev/null\nif [ $? != 0 ] ; then\n    # print error to STDERR\n    echo \"error: The sandbox is not in sync with the Podfile.lock. Run 'pod install' or update your CocoaPods installation.\" >&2\n    exit 1\nfi\n# This output is used by Xcode 'outputs' to avoid re-running this script phase.\necho \"SUCCESS\" > \"${SCRIPT_OUTPUT_FILE_0}\"\n";
			showEnvVarsInLog = 0;
		};
		8FA81D5CB17043F1550BA984 /* [CP] Embed Pods Frameworks */ = {
			isa = PBXShellScriptBuildPhase;
			buildActionMask = 2147483647;
			files = (
			);
			inputFileListPaths = (
			);
			inputPaths = (
				"${PODS_ROOT}/Target Support Files/Pods-ParseChat/Pods-ParseChat-frameworks.sh",
				"${BUILT_PRODUCTS_DIR}/Alamofire/Alamofire.framework",
				"${BUILT_PRODUCTS_DIR}/AlamofireImage/AlamofireImage.framework",
				"${BUILT_PRODUCTS_DIR}/Bolts/Bolts.framework",
				"${BUILT_PRODUCTS_DIR}/MessageInputBar/MessageInputBar.framework",
				"${BUILT_PRODUCTS_DIR}/Parse/Parse.framework",
			);
			name = "[CP] Embed Pods Frameworks";
			outputFileListPaths = (
			);
			outputPaths = (
				"${TARGET_BUILD_DIR}/${FRAMEWORKS_FOLDER_PATH}/Alamofire.framework",
				"${TARGET_BUILD_DIR}/${FRAMEWORKS_FOLDER_PATH}/AlamofireImage.framework",
				"${TARGET_BUILD_DIR}/${FRAMEWORKS_FOLDER_PATH}/Bolts.framework",
				"${TARGET_BUILD_DIR}/${FRAMEWORKS_FOLDER_PATH}/MessageInputBar.framework",
				"${TARGET_BUILD_DIR}/${FRAMEWORKS_FOLDER_PATH}/Parse.framework",
			);
			runOnlyForDeploymentPostprocessing = 0;
			shellPath = /bin/sh;
			shellScript = "\"${PODS_ROOT}/Target Support Files/Pods-ParseChat/Pods-ParseChat-frameworks.sh\"\n";
			showEnvVarsInLog = 0;
		};
		9E5A3E504942A7578B7473DF /* [CP] Check Pods Manifest.lock */ = {
			isa = PBXShellScriptBuildPhase;
			buildActionMask = 2147483647;
			files = (
			);
			inputFileListPaths = (
			);
			inputPaths = (
				"${PODS_PODFILE_DIR_PATH}/Podfile.lock",
				"${PODS_ROOT}/Manifest.lock",
			);
			name = "[CP] Check Pods Manifest.lock";
			outputFileListPaths = (
			);
			outputPaths = (
				"$(DERIVED_FILE_DIR)/Pods-ParseChatTests-checkManifestLockResult.txt",
			);
			runOnlyForDeploymentPostprocessing = 0;
			shellPath = /bin/sh;
			shellScript = "diff \"${PODS_PODFILE_DIR_PATH}/Podfile.lock\" \"${PODS_ROOT}/Manifest.lock\" > /dev/null\nif [ $? != 0 ] ; then\n    # print error to STDERR\n    echo \"error: The sandbox is not in sync with the Podfile.lock. Run 'pod install' or update your CocoaPods installation.\" >&2\n    exit 1\nfi\n# This output is used by Xcode 'outputs' to avoid re-running this script phase.\necho \"SUCCESS\" > \"${SCRIPT_OUTPUT_FILE_0}\"\n";
			showEnvVarsInLog = 0;
		};
/* End PBXShellScriptBuildPhase section */

/* Begin PBXSourcesBuildPhase section */
		B89888BE2249990100D52FD1 /* Sources */ = {
			isa = PBXSourcesBuildPhase;
			buildActionMask = 2147483647;
			files = (
				B83597B12267F5DB009346BB /* MessageCell.swift in Sources */,
				B8EDD7402262356200775E8F /* ChatCell.swift in Sources */,
				B83597AF2267D667009346BB /* InfoViewController.swift in Sources */,
				B819BDEB2266A6E7009B02C2 /* ProfileViewController.swift in Sources */,
				B8EDD73C2262354600775E8F /* FriendCell.swift in Sources */,
				B8A21065225C1D9C00FC3006 /* FriendViewController.swift in Sources */,
				B8F417FA22722C08004318F6 /* SignUpViewController.swift in Sources */,
				B83597AD2267CE28009346BB /* MessageViewController.swift in Sources */,
				B81A879E22655415003EDDB3 /* MapViewController.swift in Sources */,
				B89888F422499B3F00D52FD1 /* LoginViewController.swift in Sources */,
				B89888F622499B4F00D52FD1 /* ChatViewController.swift in Sources */,
				B89B3CDF2286AC7C008E13AE /* SetupViewController.swift in Sources */,
				B89888C62249990100D52FD1 /* AppDelegate.swift in Sources */,
			);
			runOnlyForDeploymentPostprocessing = 0;
		};
		B89888D22249990200D52FD1 /* Sources */ = {
			isa = PBXSourcesBuildPhase;
			buildActionMask = 2147483647;
			files = (
				B89888DB2249990200D52FD1 /* ParseChatTests.swift in Sources */,
			);
			runOnlyForDeploymentPostprocessing = 0;
		};
		B89888DD2249990200D52FD1 /* Sources */ = {
			isa = PBXSourcesBuildPhase;
			buildActionMask = 2147483647;
			files = (
				B89888E62249990200D52FD1 /* ParseChatUITests.swift in Sources */,
			);
			runOnlyForDeploymentPostprocessing = 0;
		};
/* End PBXSourcesBuildPhase section */

/* Begin PBXTargetDependency section */
		B89888D82249990200D52FD1 /* PBXTargetDependency */ = {
			isa = PBXTargetDependency;
			target = B89888C12249990100D52FD1 /* ParseChat */;
			targetProxy = B89888D72249990200D52FD1 /* PBXContainerItemProxy */;
		};
		B89888E32249990200D52FD1 /* PBXTargetDependency */ = {
			isa = PBXTargetDependency;
			target = B89888C12249990100D52FD1 /* ParseChat */;
			targetProxy = B89888E22249990200D52FD1 /* PBXContainerItemProxy */;
		};
/* End PBXTargetDependency section */

/* Begin PBXVariantGroup section */
		B89888C92249990100D52FD1 /* Main.storyboard */ = {
			isa = PBXVariantGroup;
			children = (
				B89888CA2249990100D52FD1 /* Base */,
			);
			name = Main.storyboard;
			sourceTree = "<group>";
		};
		B89888CE2249990200D52FD1 /* LaunchScreen.storyboard */ = {
			isa = PBXVariantGroup;
			children = (
				B89888CF2249990200D52FD1 /* Base */,
			);
			name = LaunchScreen.storyboard;
			sourceTree = "<group>";
		};
/* End PBXVariantGroup section */

/* Begin XCBuildConfiguration section */
		B89888E82249990200D52FD1 /* Debug */ = {
			isa = XCBuildConfiguration;
			buildSettings = {
				ALWAYS_SEARCH_USER_PATHS = NO;
				CLANG_ANALYZER_NONNULL = YES;
				CLANG_ANALYZER_NUMBER_OBJECT_CONVERSION = YES_AGGRESSIVE;
				CLANG_CXX_LANGUAGE_STANDARD = "gnu++14";
				CLANG_CXX_LIBRARY = "libc++";
				CLANG_ENABLE_MODULES = YES;
				CLANG_ENABLE_OBJC_ARC = YES;
				CLANG_ENABLE_OBJC_WEAK = YES;
				CLANG_WARN_BLOCK_CAPTURE_AUTORELEASING = YES;
				CLANG_WARN_BOOL_CONVERSION = YES;
				CLANG_WARN_COMMA = YES;
				CLANG_WARN_CONSTANT_CONVERSION = YES;
				CLANG_WARN_DEPRECATED_OBJC_IMPLEMENTATIONS = YES;
				CLANG_WARN_DIRECT_OBJC_ISA_USAGE = YES_ERROR;
				CLANG_WARN_DOCUMENTATION_COMMENTS = YES;
				CLANG_WARN_EMPTY_BODY = YES;
				CLANG_WARN_ENUM_CONVERSION = YES;
				CLANG_WARN_INFINITE_RECURSION = YES;
				CLANG_WARN_INT_CONVERSION = YES;
				CLANG_WARN_NON_LITERAL_NULL_CONVERSION = YES;
				CLANG_WARN_OBJC_IMPLICIT_RETAIN_SELF = YES;
				CLANG_WARN_OBJC_LITERAL_CONVERSION = YES;
				CLANG_WARN_OBJC_ROOT_CLASS = YES_ERROR;
				CLANG_WARN_RANGE_LOOP_ANALYSIS = YES;
				CLANG_WARN_STRICT_PROTOTYPES = YES;
				CLANG_WARN_SUSPICIOUS_MOVE = YES;
				CLANG_WARN_UNGUARDED_AVAILABILITY = YES_AGGRESSIVE;
				CLANG_WARN_UNREACHABLE_CODE = YES;
				CLANG_WARN__DUPLICATE_METHOD_MATCH = YES;
				CODE_SIGN_IDENTITY = "iPhone Developer";
				COPY_PHASE_STRIP = NO;
				DEBUG_INFORMATION_FORMAT = dwarf;
				ENABLE_STRICT_OBJC_MSGSEND = YES;
				ENABLE_TESTABILITY = YES;
				GCC_C_LANGUAGE_STANDARD = gnu11;
				GCC_DYNAMIC_NO_PIC = NO;
				GCC_NO_COMMON_BLOCKS = YES;
				GCC_OPTIMIZATION_LEVEL = 0;
				GCC_PREPROCESSOR_DEFINITIONS = (
					"DEBUG=1",
					"$(inherited)",
				);
				GCC_WARN_64_TO_32_BIT_CONVERSION = YES;
				GCC_WARN_ABOUT_RETURN_TYPE = YES_ERROR;
				GCC_WARN_UNDECLARED_SELECTOR = YES;
				GCC_WARN_UNINITIALIZED_AUTOS = YES_AGGRESSIVE;
				GCC_WARN_UNUSED_FUNCTION = YES;
				GCC_WARN_UNUSED_VARIABLE = YES;
				IPHONEOS_DEPLOYMENT_TARGET = 12.1;
				MTL_ENABLE_DEBUG_INFO = INCLUDE_SOURCE;
				MTL_FAST_MATH = YES;
				ONLY_ACTIVE_ARCH = YES;
				SDKROOT = iphoneos;
				SWIFT_ACTIVE_COMPILATION_CONDITIONS = DEBUG;
				SWIFT_OPTIMIZATION_LEVEL = "-Onone";
			};
			name = Debug;
		};
		B89888E92249990200D52FD1 /* Release */ = {
			isa = XCBuildConfiguration;
			buildSettings = {
				ALWAYS_SEARCH_USER_PATHS = NO;
				CLANG_ANALYZER_NONNULL = YES;
				CLANG_ANALYZER_NUMBER_OBJECT_CONVERSION = YES_AGGRESSIVE;
				CLANG_CXX_LANGUAGE_STANDARD = "gnu++14";
				CLANG_CXX_LIBRARY = "libc++";
				CLANG_ENABLE_MODULES = YES;
				CLANG_ENABLE_OBJC_ARC = YES;
				CLANG_ENABLE_OBJC_WEAK = YES;
				CLANG_WARN_BLOCK_CAPTURE_AUTORELEASING = YES;
				CLANG_WARN_BOOL_CONVERSION = YES;
				CLANG_WARN_COMMA = YES;
				CLANG_WARN_CONSTANT_CONVERSION = YES;
				CLANG_WARN_DEPRECATED_OBJC_IMPLEMENTATIONS = YES;
				CLANG_WARN_DIRECT_OBJC_ISA_USAGE = YES_ERROR;
				CLANG_WARN_DOCUMENTATION_COMMENTS = YES;
				CLANG_WARN_EMPTY_BODY = YES;
				CLANG_WARN_ENUM_CONVERSION = YES;
				CLANG_WARN_INFINITE_RECURSION = YES;
				CLANG_WARN_INT_CONVERSION = YES;
				CLANG_WARN_NON_LITERAL_NULL_CONVERSION = YES;
				CLANG_WARN_OBJC_IMPLICIT_RETAIN_SELF = YES;
				CLANG_WARN_OBJC_LITERAL_CONVERSION = YES;
				CLANG_WARN_OBJC_ROOT_CLASS = YES_ERROR;
				CLANG_WARN_RANGE_LOOP_ANALYSIS = YES;
				CLANG_WARN_STRICT_PROTOTYPES = YES;
				CLANG_WARN_SUSPICIOUS_MOVE = YES;
				CLANG_WARN_UNGUARDED_AVAILABILITY = YES_AGGRESSIVE;
				CLANG_WARN_UNREACHABLE_CODE = YES;
				CLANG_WARN__DUPLICATE_METHOD_MATCH = YES;
				CODE_SIGN_IDENTITY = "iPhone Developer";
				COPY_PHASE_STRIP = NO;
				DEBUG_INFORMATION_FORMAT = "dwarf-with-dsym";
				ENABLE_NS_ASSERTIONS = NO;
				ENABLE_STRICT_OBJC_MSGSEND = YES;
				GCC_C_LANGUAGE_STANDARD = gnu11;
				GCC_NO_COMMON_BLOCKS = YES;
				GCC_WARN_64_TO_32_BIT_CONVERSION = YES;
				GCC_WARN_ABOUT_RETURN_TYPE = YES_ERROR;
				GCC_WARN_UNDECLARED_SELECTOR = YES;
				GCC_WARN_UNINITIALIZED_AUTOS = YES_AGGRESSIVE;
				GCC_WARN_UNUSED_FUNCTION = YES;
				GCC_WARN_UNUSED_VARIABLE = YES;
				IPHONEOS_DEPLOYMENT_TARGET = 12.1;
				MTL_ENABLE_DEBUG_INFO = NO;
				MTL_FAST_MATH = YES;
				SDKROOT = iphoneos;
				SWIFT_COMPILATION_MODE = wholemodule;
				SWIFT_OPTIMIZATION_LEVEL = "-O";
				VALIDATE_PRODUCT = YES;
			};
			name = Release;
		};
		B89888EB2249990200D52FD1 /* Debug */ = {
			isa = XCBuildConfiguration;
			baseConfigurationReference = 05212300D4B867DF5F033DF7 /* Pods-ParseChat.debug.xcconfig */;
			buildSettings = {
				ASSETCATALOG_COMPILER_APPICON_NAME = AppIcon;
				CODE_SIGN_STYLE = Automatic;
				DEVELOPMENT_TEAM = JJ6C9L8RAH;
				INFOPLIST_FILE = ParseChat/Info.plist;
				LD_RUNPATH_SEARCH_PATHS = (
					"$(inherited)",
					"@executable_path/Frameworks",
				);
				PRODUCT_BUNDLE_IDENTIFIER = wade.ParseChat;
				PRODUCT_NAME = "$(TARGET_NAME)";
				SWIFT_VERSION = 4.2;
				TARGETED_DEVICE_FAMILY = "1,2";
			};
			name = Debug;
		};
		B89888EC2249990200D52FD1 /* Release */ = {
			isa = XCBuildConfiguration;
			baseConfigurationReference = ECB216745C820A25DDBEB967 /* Pods-ParseChat.release.xcconfig */;
			buildSettings = {
				ASSETCATALOG_COMPILER_APPICON_NAME = AppIcon;
				CODE_SIGN_STYLE = Automatic;
				DEVELOPMENT_TEAM = JJ6C9L8RAH;
				INFOPLIST_FILE = ParseChat/Info.plist;
				LD_RUNPATH_SEARCH_PATHS = (
					"$(inherited)",
					"@executable_path/Frameworks",
				);
				PRODUCT_BUNDLE_IDENTIFIER = wade.ParseChat;
				PRODUCT_NAME = "$(TARGET_NAME)";
				SWIFT_VERSION = 4.2;
				TARGETED_DEVICE_FAMILY = "1,2";
			};
			name = Release;
		};
		B89888EE2249990200D52FD1 /* Debug */ = {
			isa = XCBuildConfiguration;
			baseConfigurationReference = 2C94A2CC41DFF83A9DB47270 /* Pods-ParseChatTests.debug.xcconfig */;
			buildSettings = {
				ALWAYS_EMBED_SWIFT_STANDARD_LIBRARIES = YES;
				BUNDLE_LOADER = "$(TEST_HOST)";
				CODE_SIGN_STYLE = Automatic;
				INFOPLIST_FILE = ParseChatTests/Info.plist;
				LD_RUNPATH_SEARCH_PATHS = (
					"$(inherited)",
					"@executable_path/Frameworks",
					"@loader_path/Frameworks",
				);
				PRODUCT_BUNDLE_IDENTIFIER = wade.ParseChatTests;
				PRODUCT_NAME = "$(TARGET_NAME)";
				SWIFT_VERSION = 4.2;
				TARGETED_DEVICE_FAMILY = "1,2";
				TEST_HOST = "$(BUILT_PRODUCTS_DIR)/ParseChat.app/ParseChat";
			};
			name = Debug;
		};
		B89888EF2249990200D52FD1 /* Release */ = {
			isa = XCBuildConfiguration;
			baseConfigurationReference = 66C8D2F6DABA100246C06A2A /* Pods-ParseChatTests.release.xcconfig */;
			buildSettings = {
				ALWAYS_EMBED_SWIFT_STANDARD_LIBRARIES = YES;
				BUNDLE_LOADER = "$(TEST_HOST)";
				CODE_SIGN_STYLE = Automatic;
				INFOPLIST_FILE = ParseChatTests/Info.plist;
				LD_RUNPATH_SEARCH_PATHS = (
					"$(inherited)",
					"@executable_path/Frameworks",
					"@loader_path/Frameworks",
				);
				PRODUCT_BUNDLE_IDENTIFIER = wade.ParseChatTests;
				PRODUCT_NAME = "$(TARGET_NAME)";
				SWIFT_VERSION = 4.2;
				TARGETED_DEVICE_FAMILY = "1,2";
				TEST_HOST = "$(BUILT_PRODUCTS_DIR)/ParseChat.app/ParseChat";
			};
			name = Release;
		};
		B89888F12249990200D52FD1 /* Debug */ = {
			isa = XCBuildConfiguration;
			baseConfigurationReference = E37D87D1333B30D606553279 /* Pods-ParseChatUITests.debug.xcconfig */;
			buildSettings = {
				ALWAYS_EMBED_SWIFT_STANDARD_LIBRARIES = YES;
				CODE_SIGN_STYLE = Automatic;
				INFOPLIST_FILE = ParseChatUITests/Info.plist;
				LD_RUNPATH_SEARCH_PATHS = (
					"$(inherited)",
					"@executable_path/Frameworks",
					"@loader_path/Frameworks",
				);
				PRODUCT_BUNDLE_IDENTIFIER = wade.ParseChatUITests;
				PRODUCT_NAME = "$(TARGET_NAME)";
				SWIFT_VERSION = 4.2;
				TARGETED_DEVICE_FAMILY = "1,2";
				TEST_TARGET_NAME = ParseChat;
			};
			name = Debug;
		};
		B89888F22249990200D52FD1 /* Release */ = {
			isa = XCBuildConfiguration;
			baseConfigurationReference = 993B5A5F67E57CCB0C255E73 /* Pods-ParseChatUITests.release.xcconfig */;
			buildSettings = {
				ALWAYS_EMBED_SWIFT_STANDARD_LIBRARIES = YES;
				CODE_SIGN_STYLE = Automatic;
				INFOPLIST_FILE = ParseChatUITests/Info.plist;
				LD_RUNPATH_SEARCH_PATHS = (
					"$(inherited)",
					"@executable_path/Frameworks",
					"@loader_path/Frameworks",
				);
				PRODUCT_BUNDLE_IDENTIFIER = wade.ParseChatUITests;
				PRODUCT_NAME = "$(TARGET_NAME)";
				SWIFT_VERSION = 4.2;
				TARGETED_DEVICE_FAMILY = "1,2";
				TEST_TARGET_NAME = ParseChat;
			};
			name = Release;
		};
/* End XCBuildConfiguration section */

/* Begin XCConfigurationList section */
		B89888BD2249990100D52FD1 /* Build configuration list for PBXProject "ParseChat" */ = {
			isa = XCConfigurationList;
			buildConfigurations = (
				B89888E82249990200D52FD1 /* Debug */,
				B89888E92249990200D52FD1 /* Release */,
			);
			defaultConfigurationIsVisible = 0;
			defaultConfigurationName = Release;
		};
		B89888EA2249990200D52FD1 /* Build configuration list for PBXNativeTarget "ParseChat" */ = {
			isa = XCConfigurationList;
			buildConfigurations = (
				B89888EB2249990200D52FD1 /* Debug */,
				B89888EC2249990200D52FD1 /* Release */,
			);
			defaultConfigurationIsVisible = 0;
			defaultConfigurationName = Release;
		};
		B89888ED2249990200D52FD1 /* Build configuration list for PBXNativeTarget "ParseChatTests" */ = {
			isa = XCConfigurationList;
			buildConfigurations = (
				B89888EE2249990200D52FD1 /* Debug */,
				B89888EF2249990200D52FD1 /* Release */,
			);
			defaultConfigurationIsVisible = 0;
			defaultConfigurationName = Release;
		};
		B89888F02249990200D52FD1 /* Build configuration list for PBXNativeTarget "ParseChatUITests" */ = {
			isa = XCConfigurationList;
			buildConfigurations = (
				B89888F12249990200D52FD1 /* Debug */,
				B89888F22249990200D52FD1 /* Release */,
			);
			defaultConfigurationIsVisible = 0;
			defaultConfigurationName = Release;
		};
/* End XCConfigurationList section */
	};
	rootObject = B89888BA2249990100D52FD1 /* Project object */;
}
